
Microsoft Visual Studio Solution File, Format Version 12.00
Project("{FAE04EC0-301F-11D3-BF4B-00C04F79EFBC}") = "NFCBets", "NFCBets\NFCBets.csproj", "{5AD50AF5-244F-4E85-A8A5-2ABD8C36E110}"
EndProject
Project("{FAE04EC0-301F-11D3-BF4B-00C04F79EFBC}") = "NFCBets.Repository", "NFCBets.Repository\NFCBets.Repository.csproj", "{9F2AD673-29A8-4116-A9DA-F8D7EEC647FC}"
EndProject
Project("{FAE04EC0-301F-11D3-BF4B-00C04F79EFBC}") = "NFCBets.Services", "NFCBets.Services\NFCBets.Services.csproj", "{88AEBC02-654A-4A67-827F-6CBDF16A9800}"
EndProject
Project("{FAE04EC0-301F-11D3-BF4B-00C04F79EFBC}") = "NFCBets.EF", "NFCBets.EF\NFCBets.EF.csproj", "{258A2191-EE62-4507-8ED0-C819AF09DD67}"
EndProject
Project("{FAE04EC0-301F-11D3-BF4B-00C04F79EFBC}") = "NFCBets.Utilities", "NFCBets.Utilities\NFCBets.Utilities.csproj", "{016F2637-6ABB-4D74-9AE4-7BFAD44B6603}"
EndProject
Project("{FAE04EC0-301F-11D3-BF4B-00C04F79EFBC}") = "NFCBets.Causal", "NFCBets.Causal\NFCBets.Causal.csproj", "{748E3210-8301-470B-A7BD-E42D038DD204}"
EndProject
Project("{FAE04EC0-301F-11D3-BF4B-00C04F79EFBC}") = "NFCBets.Classical", "NFCBets.Classical\NFCBets.Classical.csproj", "{1A22E83A-B213-4D89-B512-F8804FC92430}"
EndProject
Project("{FAE04EC0-301F-11D3-BF4B-00C04F79EFBC}") = "NFCBets.Evaluation", "NFCBets.Evaluation\NFCBets.Evaluation.csproj", "{7D8D8C8B-5CCF-44EC-83B8-072D28254024}"
EndProject
Global
	GlobalSection(SolutionConfigurationPlatforms) = preSolution
		Debug|Any CPU = Debug|Any CPU
		Release|Any CPU = Release|Any CPU
	EndGlobalSection
	GlobalSection(ProjectConfigurationPlatforms) = postSolution
		{5AD50AF5-244F-4E85-A8A5-2ABD8C36E110}.Debug|Any CPU.ActiveCfg = Debug|Any CPU
		{5AD50AF5-244F-4E85-A8A5-2ABD8C36E110}.Debug|Any CPU.Build.0 = Debug|Any CPU
		{5AD50AF5-244F-4E85-A8A5-2ABD8C36E110}.Release|Any CPU.ActiveCfg = Release|Any CPU
		{5AD50AF5-244F-4E85-A8A5-2ABD8C36E110}.Release|Any CPU.Build.0 = Release|Any CPU
		{9F2AD673-29A8-4116-A9DA-F8D7EEC647FC}.Debug|Any CPU.ActiveCfg = Debug|Any CPU
		{9F2AD673-29A8-4116-A9DA-F8D7EEC647FC}.Debug|Any CPU.Build.0 = Debug|Any CPU
		{9F2AD673-29A8-4116-A9DA-F8D7EEC647FC}.Release|Any CPU.ActiveCfg = Release|Any CPU
		{9F2AD673-29A8-4116-A9DA-F8D7EEC647FC}.Release|Any CPU.Build.0 = Release|Any CPU
		{88AEBC02-654A-4A67-827F-6CBDF16A9800}.Debug|Any CPU.ActiveCfg = Debug|Any CPU
		{88AEBC02-654A-4A67-827F-6CBDF16A9800}.Debug|Any CPU.Build.0 = Debug|Any CPU
		{88AEBC02-654A-4A67-827F-6CBDF16A9800}.Release|Any CPU.ActiveCfg = Release|Any CPU
		{88AEBC02-654A-4A67-827F-6CBDF16A9800}.Release|Any CPU.Build.0 = Release|Any CPU
		{258A2191-EE62-4507-8ED0-C819AF09DD67}.Debug|Any CPU.ActiveCfg = Debug|Any CPU
		{258A2191-EE62-4507-8ED0-C819AF09DD67}.Debug|Any CPU.Build.0 = Debug|Any CPU
		{258A2191-EE62-4507-8ED0-C819AF09DD67}.Release|Any CPU.ActiveCfg = Release|Any CPU
		{258A2191-EE62-4507-8ED0-C819AF09DD67}.Release|Any CPU.Build.0 = Release|Any CPU
		{016F2637-6ABB-4D74-9AE4-7BFAD44B6603}.Debug|Any CPU.ActiveCfg = Debug|Any CPU
		{016F2637-6ABB-4D74-9AE4-7BFAD44B6603}.Debug|Any CPU.Build.0 = Debug|Any CPU
		{016F2637-6ABB-4D74-9AE4-7BFAD44B6603}.Release|Any CPU.ActiveCfg = Release|Any CPU
		{016F2637-6ABB-4D74-9AE4-7BFAD44B6603}.Release|Any CPU.Build.0 = Release|Any CPU
		{748E3210-8301-470B-A7BD-E42D038DD204}.Debug|Any CPU.ActiveCfg = Debug|Any CPU
		{748E3210-8301-470B-A7BD-E42D038DD204}.Debug|Any CPU.Build.0 = Debug|Any CPU
		{748E3210-8301-470B-A7BD-E42D038DD204}.Release|Any CPU.ActiveCfg = Release|Any CPU
		{748E3210-8301-470B-A7BD-E42D038DD204}.Release|Any CPU.Build.0 = Release|Any CPU
		{1A22E83A-B213-4D89-B512-F8804FC92430}.Debug|Any CPU.ActiveCfg = Debug|Any CPU
		{1A22E83A-B213-4D89-B512-F8804FC92430}.Debug|Any CPU.Build.0 = Debug|Any CPU
		{1A22E83A-B213-4D89-B512-F8804FC92430}.Release|Any CPU.ActiveCfg = Release|Any CPU
		{1A22E83A-B213-4D89-B512-F8804FC92430}.Release|Any CPU.Build.0 = Release|Any CPU
		{7D8D8C8B-5CCF-44EC-83B8-072D28254024}.Debug|Any CPU.ActiveCfg = Debug|Any CPU
		{7D8D8C8B-5CCF-44EC-83B8-072D28254024}.Debug|Any CPU.Build.0 = Debug|Any CPU
		{7D8D8C8B-5CCF-44EC-83B8-072D28254024}.Release|Any CPU.ActiveCfg = Release|Any CPU
		{7D8D8C8B-5CCF-44EC-83B8-072D28254024}.Release|Any CPU.Build.0 = Release|Any CPU
	EndGlobalSection
EndGlobal
